
Microsoft Visual Studio Solution File, Format Version 12.00
# Visual Studio Version 17
VisualStudioVersion = 17.1.32228.430
MinimumVisualStudioVersion = 10.0.40219.1
Project("{FAE04EC0-301F-11D3-BF4B-00C04F79EFBC}") = "TEST.Api", "TEST.Api\TEST.Api.csproj", "{3DC74423-07EC-4176-B653-216FB7000BA7}"
EndProject
Project("{2150E333-8FDC-42A3-9474-1A3956D46DE8}") = "src", "src", "{D7CE3505-376E-4F11-A042-1AD62219A4F2}"
EndProject
Project("{FAE04EC0-301F-11D3-BF4B-00C04F79EFBC}") = "TEST.Application", "..\TEST.Application\TEST.Application.csproj", "{67332ACB-0690-44A5-B2B8-75A78ED430B8}"
EndProject
Project("{FAE04EC0-301F-11D3-BF4B-00C04F79EFBC}") = "TEST.Domain", "..\TEST.Domain\TEST.Domain.csproj", "{EC5467A9-BC14-464A-96F9-E51F99A9F605}"
EndProject
Project("{FAE04EC0-301F-11D3-BF4B-00C04F79EFBC}") = "TEST.Infrastructure", "TEST.Infrastructure\TEST.Infrastructure.csproj", "{CB14554A-A11D-4CA0-AEF8-3B609A033882}"
EndProject
Global
	GlobalSection(SolutionConfigurationPlatforms) = preSolution
		Debug|Any CPU = Debug|Any CPU
		Release|Any CPU = Release|Any CPU
	EndGlobalSection
	GlobalSection(ProjectConfigurationPlatforms) = postSolution
		{3DC74423-07EC-4176-B653-216FB7000BA7}.Debug|Any CPU.ActiveCfg = Debug|Any CPU
		{3DC74423-07EC-4176-B653-216FB7000BA7}.Debug|Any CPU.Build.0 = Debug|Any CPU
		{3DC74423-07EC-4176-B653-216FB7000BA7}.Release|Any CPU.ActiveCfg = Release|Any CPU
		{3DC74423-07EC-4176-B653-216FB7000BA7}.Release|Any CPU.Build.0 = Release|Any CPU
		{67332ACB-0690-44A5-B2B8-75A78ED430B8}.Debug|Any CPU.ActiveCfg = Debug|Any CPU
		{67332ACB-0690-44A5-B2B8-75A78ED430B8}.Debug|Any CPU.Build.0 = Debug|Any CPU
		{67332ACB-0690-44A5-B2B8-75A78ED430B8}.Release|Any CPU.ActiveCfg = Release|Any CPU
		{67332ACB-0690-44A5-B2B8-75A78ED430B8}.Release|Any CPU.Build.0 = Release|Any CPU
		{EC5467A9-BC14-464A-96F9-E51F99A9F605}.Debug|Any CPU.ActiveCfg = Debug|Any CPU
		{EC5467A9-BC14-464A-96F9-E51F99A9F605}.Debug|Any CPU.Build.0 = Debug|Any CPU
		{EC5467A9-BC14-464A-96F9-E51F99A9F605}.Release|Any CPU.ActiveCfg = Release|Any CPU
		{EC5467A9-BC14-464A-96F9-E51F99A9F605}.Release|Any CPU.Build.0 = Release|Any CPU
		{CB14554A-A11D-4CA0-AEF8-3B609A033882}.Debug|Any CPU.ActiveCfg = Debug|Any CPU
		{CB14554A-A11D-4CA0-AEF8-3B609A033882}.Debug|Any CPU.Build.0 = Debug|Any CPU
		{CB14554A-A11D-4CA0-AEF8-3B609A033882}.Release|Any CPU.ActiveCfg = Release|Any CPU
		{CB14554A-A11D-4CA0-AEF8-3B609A033882}.Release|Any CPU.Build.0 = Release|Any CPU
	EndGlobalSection
	GlobalSection(SolutionProperties) = preSolution
		HideSolutionNode = FALSE
	EndGlobalSection
	GlobalSection(NestedProjects) = preSolution
		{3DC74423-07EC-4176-B653-216FB7000BA7} = {D7CE3505-376E-4F11-A042-1AD62219A4F2}
		{67332ACB-0690-44A5-B2B8-75A78ED430B8} = {D7CE3505-376E-4F11-A042-1AD62219A4F2}
		{EC5467A9-BC14-464A-96F9-E51F99A9F605} = {D7CE3505-376E-4F11-A042-1AD62219A4F2}
		{CB14554A-A11D-4CA0-AEF8-3B609A033882} = {D7CE3505-376E-4F11-A042-1AD62219A4F2}
	EndGlobalSection
	GlobalSection(ExtensibilityGlobals) = postSolution
		SolutionGuid = {687C12C1-1B28-4F34-8D75-C1E5F3F05615}
	EndGlobalSection
EndGlobal
