
Microsoft Visual Studio Solution File, Format Version 12.00
# Visual Studio Version 17
VisualStudioVersion = 17.1.32228.430
MinimumVisualStudioVersion = 10.0.40219.1
Project("{9A19103F-16F7-4668-BE54-9A1E7A4F7556}") = "TEST.Api", "TEST.Api\TEST.Api.csproj", "{3DC74423-07EC-4176-B653-216FB7000BA7}"
EndProject
Project("{2150E333-8FDC-42A3-9474-1A3956D46DE8}") = "src", "src", "{D7CE3505-376E-4F11-A042-1AD62219A4F2}"
EndProject
Project("{9A19103F-16F7-4668-BE54-9A1E7A4F7556}") = "TEST.Infrastructure", "TEST.Infrastructure\TEST.Infrastructure.csproj", "{CB14554A-A11D-4CA0-AEF8-3B609A033882}"
EndProject
Project("{9A19103F-16F7-4668-BE54-9A1E7A4F7556}") = "TEST.Application", "TEST.Application\TEST.Application.csproj", "{F0659286-73A8-493A-996F-F29CAE953ED8}"
EndProject
Project("{9A19103F-16F7-4668-BE54-9A1E7A4F7556}") = "TEST.Domain", "TEST.Domain\TEST.Domain.csproj", "{EEBD5684-603C-40F2-A6B8-D3B0A95957A3}"
EndProject
Project("{2150E333-8FDC-42A3-9474-1A3956D46DE8}") = "tests", "tests", "{DF2CE95E-2FD7-4984-BA31-CAD2505EC45E}"
EndProject
Project("{FAE04EC0-301F-11D3-BF4B-00C04F79EFBC}") = "TestProject", "TestProject\TestProject.csproj", "{A16A8AB1-73FC-47BD-9448-3923E72316D5}"
EndProject
Global
	GlobalSection(SolutionConfigurationPlatforms) = preSolution
		Debug|Any CPU = Debug|Any CPU
		Release|Any CPU = Release|Any CPU
	EndGlobalSection
	GlobalSection(ProjectConfigurationPlatforms) = postSolution
		{3DC74423-07EC-4176-B653-216FB7000BA7}.Debug|Any CPU.ActiveCfg = Debug|Any CPU
		{3DC74423-07EC-4176-B653-216FB7000BA7}.Debug|Any CPU.Build.0 = Debug|Any CPU
		{3DC74423-07EC-4176-B653-216FB7000BA7}.Release|Any CPU.ActiveCfg = Release|Any CPU
		{3DC74423-07EC-4176-B653-216FB7000BA7}.Release|Any CPU.Build.0 = Release|Any CPU
		{CB14554A-A11D-4CA0-AEF8-3B609A033882}.Debug|Any CPU.ActiveCfg = Debug|Any CPU
		{CB14554A-A11D-4CA0-AEF8-3B609A033882}.Debug|Any CPU.Build.0 = Debug|Any CPU
		{CB14554A-A11D-4CA0-AEF8-3B609A033882}.Release|Any CPU.ActiveCfg = Release|Any CPU
		{CB14554A-A11D-4CA0-AEF8-3B609A033882}.Release|Any CPU.Build.0 = Release|Any CPU
		{F0659286-73A8-493A-996F-F29CAE953ED8}.Debug|Any CPU.ActiveCfg = Debug|Any CPU
		{F0659286-73A8-493A-996F-F29CAE953ED8}.Debug|Any CPU.Build.0 = Debug|Any CPU
		{F0659286-73A8-493A-996F-F29CAE953ED8}.Release|Any CPU.ActiveCfg = Release|Any CPU
		{F0659286-73A8-493A-996F-F29CAE953ED8}.Release|Any CPU.Build.0 = Release|Any CPU
		{EEBD5684-603C-40F2-A6B8-D3B0A95957A3}.Debug|Any CPU.ActiveCfg = Debug|Any CPU
		{EEBD5684-603C-40F2-A6B8-D3B0A95957A3}.Debug|Any CPU.Build.0 = Debug|Any CPU
		{EEBD5684-603C-40F2-A6B8-D3B0A95957A3}.Release|Any CPU.ActiveCfg = Release|Any CPU
		{EEBD5684-603C-40F2-A6B8-D3B0A95957A3}.Release|Any CPU.Build.0 = Release|Any CPU
		{A16A8AB1-73FC-47BD-9448-3923E72316D5}.Debug|Any CPU.ActiveCfg = Debug|Any CPU
		{A16A8AB1-73FC-47BD-9448-3923E72316D5}.Debug|Any CPU.Build.0 = Debug|Any CPU
		{A16A8AB1-73FC-47BD-9448-3923E72316D5}.Release|Any CPU.ActiveCfg = Release|Any CPU
		{A16A8AB1-73FC-47BD-9448-3923E72316D5}.Release|Any CPU.Build.0 = Release|Any CPU
	EndGlobalSection
	GlobalSection(SolutionProperties) = preSolution
		HideSolutionNode = FALSE
	EndGlobalSection
	GlobalSection(NestedProjects) = preSolution
		{3DC74423-07EC-4176-B653-216FB7000BA7} = {D7CE3505-376E-4F11-A042-1AD62219A4F2}
		{CB14554A-A11D-4CA0-AEF8-3B609A033882} = {D7CE3505-376E-4F11-A042-1AD62219A4F2}
		{F0659286-73A8-493A-996F-F29CAE953ED8} = {D7CE3505-376E-4F11-A042-1AD62219A4F2}
		{EEBD5684-603C-40F2-A6B8-D3B0A95957A3} = {D7CE3505-376E-4F11-A042-1AD62219A4F2}
		{A16A8AB1-73FC-47BD-9448-3923E72316D5} = {DF2CE95E-2FD7-4984-BA31-CAD2505EC45E}
	EndGlobalSection
	GlobalSection(ExtensibilityGlobals) = postSolution
		SolutionGuid = {687C12C1-1B28-4F34-8D75-C1E5F3F05615}
	EndGlobalSection
EndGlobal
